
Microsoft Visual Studio Solution File, Format Version 11.00
# Visual Studio 2010
Project("{FAE04EC0-301F-11D3-BF4B-00C04F79EFBC}") = "etcdMobile.iPhone", "etcdMobile.iPhone\etcdMobile.iPhone.csproj", "{637F9D13-D4A2-44A9-966E-B888AF6C1AF6}"
EndProject
Global
	GlobalSection(SolutionConfigurationPlatforms) = preSolution
		Debug|iPhoneSimulator = Debug|iPhoneSimulator
		Release|iPhoneSimulator = Release|iPhoneSimulator
		Debug|iPhone = Debug|iPhone
		Release|iPhone = Release|iPhone
		Ad-Hoc|iPhone = Ad-Hoc|iPhone
		AppStore|iPhone = AppStore|iPhone
	EndGlobalSection
	GlobalSection(ProjectConfigurationPlatforms) = postSolution
		{637F9D13-D4A2-44A9-966E-B888AF6C1AF6}.Ad-Hoc|iPhone.ActiveCfg = Ad-Hoc|iPhone
		{637F9D13-D4A2-44A9-966E-B888AF6C1AF6}.Ad-Hoc|iPhone.Build.0 = Ad-Hoc|iPhone
		{637F9D13-D4A2-44A9-966E-B888AF6C1AF6}.AppStore|iPhone.ActiveCfg = AppStore|iPhone
		{637F9D13-D4A2-44A9-966E-B888AF6C1AF6}.AppStore|iPhone.Build.0 = AppStore|iPhone
		{637F9D13-D4A2-44A9-966E-B888AF6C1AF6}.Debug|iPhone.ActiveCfg = Debug|iPhone
		{637F9D13-D4A2-44A9-966E-B888AF6C1AF6}.Debug|iPhone.Build.0 = Debug|iPhone
		{637F9D13-D4A2-44A9-966E-B888AF6C1AF6}.Debug|iPhoneSimulator.ActiveCfg = Debug|iPhoneSimulator
		{637F9D13-D4A2-44A9-966E-B888AF6C1AF6}.Debug|iPhoneSimulator.Build.0 = Debug|iPhoneSimulator
		{637F9D13-D4A2-44A9-966E-B888AF6C1AF6}.Release|iPhone.ActiveCfg = Release|iPhone
		{637F9D13-D4A2-44A9-966E-B888AF6C1AF6}.Release|iPhone.Build.0 = Release|iPhone
		{637F9D13-D4A2-44A9-966E-B888AF6C1AF6}.Release|iPhoneSimulator.ActiveCfg = Release|iPhoneSimulator
		{637F9D13-D4A2-44A9-966E-B888AF6C1AF6}.Release|iPhoneSimulator.Build.0 = Release|iPhoneSimulator
	EndGlobalSection
EndGlobal
